
Microsoft Visual Studio Solution File, Format Version 12.00
# Visual Studio 15
VisualStudioVersion = 15.0.27428.2037
MinimumVisualStudioVersion = 10.0.40219.1
Project("{9A19103F-16F7-4668-BE54-9A1E7A4F7556}") = "Momenton.API", "Momenton.API\Momenton.API.csproj", "{9E394DC6-E062-4096-BDE6-16DA4AB37726}"
EndProject
Project("{FAE04EC0-301F-11D3-BF4B-00C04F79EFBC}") = "Momenton.Repository", "Momenton.Repository\Momenton.Repository.csproj", "{72751865-8DE1-4070-BA9D-E7A1C2C5EBF7}"
EndProject
Project("{FAE04EC0-301F-11D3-BF4B-00C04F79EFBC}") = "Momenton.Repository.Entity", "Momenton.Repository.Entity\Momenton.Repository.Entity.csproj", "{AE1F6832-4ABA-46E3-88AE-15EDAC470087}"
EndProject
Project("{FAE04EC0-301F-11D3-BF4B-00C04F79EFBC}") = "Momenton.UnitTests", "Momenton.UnitTests\Momenton.UnitTests.csproj", "{4A504398-6622-4371-AA2A-8F6E8ACC1C63}"
EndProject
Global
	GlobalSection(SolutionConfigurationPlatforms) = preSolution
		Debug|Any CPU = Debug|Any CPU
		Release|Any CPU = Release|Any CPU
	EndGlobalSection
	GlobalSection(ProjectConfigurationPlatforms) = postSolution
		{9E394DC6-E062-4096-BDE6-16DA4AB37726}.Debug|Any CPU.ActiveCfg = Debug|Any CPU
		{9E394DC6-E062-4096-BDE6-16DA4AB37726}.Debug|Any CPU.Build.0 = Debug|Any CPU
		{9E394DC6-E062-4096-BDE6-16DA4AB37726}.Release|Any CPU.ActiveCfg = Release|Any CPU
		{9E394DC6-E062-4096-BDE6-16DA4AB37726}.Release|Any CPU.Build.0 = Release|Any CPU
		{72751865-8DE1-4070-BA9D-E7A1C2C5EBF7}.Debug|Any CPU.ActiveCfg = Debug|Any CPU
		{72751865-8DE1-4070-BA9D-E7A1C2C5EBF7}.Debug|Any CPU.Build.0 = Debug|Any CPU
		{72751865-8DE1-4070-BA9D-E7A1C2C5EBF7}.Release|Any CPU.ActiveCfg = Release|Any CPU
		{72751865-8DE1-4070-BA9D-E7A1C2C5EBF7}.Release|Any CPU.Build.0 = Release|Any CPU
		{AE1F6832-4ABA-46E3-88AE-15EDAC470087}.Debug|Any CPU.ActiveCfg = Debug|Any CPU
		{AE1F6832-4ABA-46E3-88AE-15EDAC470087}.Debug|Any CPU.Build.0 = Debug|Any CPU
		{AE1F6832-4ABA-46E3-88AE-15EDAC470087}.Release|Any CPU.ActiveCfg = Release|Any CPU
		{AE1F6832-4ABA-46E3-88AE-15EDAC470087}.Release|Any CPU.Build.0 = Release|Any CPU
		{4A504398-6622-4371-AA2A-8F6E8ACC1C63}.Debug|Any CPU.ActiveCfg = Debug|Any CPU
		{4A504398-6622-4371-AA2A-8F6E8ACC1C63}.Debug|Any CPU.Build.0 = Debug|Any CPU
		{4A504398-6622-4371-AA2A-8F6E8ACC1C63}.Release|Any CPU.ActiveCfg = Release|Any CPU
		{4A504398-6622-4371-AA2A-8F6E8ACC1C63}.Release|Any CPU.Build.0 = Release|Any CPU
	EndGlobalSection
	GlobalSection(SolutionProperties) = preSolution
		HideSolutionNode = FALSE
	EndGlobalSection
	GlobalSection(ExtensibilityGlobals) = postSolution
		SolutionGuid = {2B6E66DE-403D-47A1-B92E-7264B3B72A86}
	EndGlobalSection
EndGlobal
